# This file is autogenerated, do not edit; changes may be undone by the next 'dep ensure'.


[[projects]]
  branch = "master"
  name = "github.com/hashicorp/errwrap"
  packages = ["."]
  revision = "7554cd9344cec97297fa6649b055a8c98c2a1e55"

[[projects]]
  branch = "master"
  name = "github.com/hashicorp/go-multierror"
  packages = ["."]
  revision = "b7773ae218740a7be65057fc60b366a49b538a44"

[[projects]]
  branch = "master"
  name = "github.com/teamwork/mailaddress"
  packages = ["."]
  revision = "e0bce973c1a85a932776b0aed8919ac86dcd82d6"

[[projects]]
  branch = "master"
  name = "github.com/teamwork/toutf8"
  packages = ["."]
  revision = "908c4b127591e39bd79a8214ca158a4f8baff682"

[[projects]]
  name = "golang.org/x/text"
  packages = [
    "encoding",
    "encoding/charmap",
    "encoding/ianaindex",
    "encoding/internal",
    "encoding/internal/identifier",
    "encoding/japanese",
    "encoding/korean",
    "encoding/simplifiedchinese",
    "encoding/traditionalchinese",
    "encoding/unicode",
    "internal/gen",
    "internal/utf8internal",
    "runes",
    "transform",
    "unicode/cldr"
  ]
  revision = "f21a4dfb5e38f5895301dc265a8def02365cc3d0"
  version = "v0.3.0"

[solve-meta]
  analyzer-name = "dep"
  analyzer-version = 1
  inputs-digest = "c0f103a47507d2ef2918027fb09b232ff305ab0736ca97a84a0c725697e8337d"
  solver-name = "gps-cdcl"
  solver-version = 1
