# This file is autogenerated, do not edit; changes may be undone by the next 'dep ensure'.


[[projects]]
  digest = "1:f9f45f75f332e03fc7e9fe9188ea4e1ce4d14779ef34fa1b023da67518e36327"
  name = "github.com/google/go-cmp"
  packages = [
    "cmp",
    "cmp/internal/diff",
    "cmp/internal/function",
    "cmp/internal/value",
  ]
  pruneopts = ""
  revision = "3af367b6b30c263d47e8895973edcca9a49cf029"
  version = "v0.2.0"

[[projects]]
  digest = "1:8e3bd93036b4a925fe2250d3e4f38f21cadb8ef623561cd80c3c50c114b13201"
  name = "github.com/hashicorp/errwrap"
  packages = ["."]
  pruneopts = ""
  revision = "8a6fb523712970c966eefc6b39ed2c5e74880354"
  version = "v1.0.0"

[[projects]]
  branch = "master"
  digest = "1:72308fdd6d5ef61106a95be7ca72349a5565809042b6426a3cfb61d99483b824"
  name = "github.com/hashicorp/go-multierror"
  packages = ["."]
  pruneopts = ""
  revision = "886a7fbe3eb1c874d46f623bfa70af45f425b3d1"

[[projects]]
  branch = "master"
  digest = "1:631151c2f67561bd1824b7fe8f23cf34a4951d7465380264eeb8a16fac05dd85"
  name = "github.com/teamwork/mailaddress"
  packages = ["."]
  pruneopts = ""
  revision = "e0bce973c1a85a932776b0aed8919ac86dcd82d6"

[[projects]]
  branch = "master"
  digest = "1:ca24bfdf83d228ef34c43baa94a18942fbe783c4b631922c3fff945855798d37"
  name = "github.com/teamwork/toutf8"
  packages = ["."]
  pruneopts = ""
  revision = "908c4b127591e39bd79a8214ca158a4f8baff682"

[[projects]]
  branch = "master"
  digest = "1:ec96c8932455d8cd502fde27727faab8df592575bff1861d3db33a9eb183500d"
  name = "github.com/teamwork/utils"
  packages = ["netutil"]
  pruneopts = ""
  revision = "702eaeaa40eb69acd27321b08e065e7ea4369be2"

[[projects]]
  digest = "1:5acd3512b047305d49e8763eef7ba423901e85d5dd2fd1e71778a0ea8de10bd4"
  name = "golang.org/x/text"
  packages = [
    "encoding",
    "encoding/charmap",
    "encoding/ianaindex",
    "encoding/internal",
    "encoding/internal/identifier",
    "encoding/japanese",
    "encoding/korean",
    "encoding/simplifiedchinese",
    "encoding/traditionalchinese",
    "encoding/unicode",
    "internal/gen",
    "internal/utf8internal",
    "runes",
    "transform",
    "unicode/cldr",
  ]
  pruneopts = ""
  revision = "f21a4dfb5e38f5895301dc265a8def02365cc3d0"
  version = "v0.3.0"

[solve-meta]
  analyzer-name = "dep"
  analyzer-version = 1
  input-imports = [
    "github.com/google/go-cmp/cmp",
    "github.com/teamwork/mailaddress",
    "github.com/teamwork/utils/netutil",
  ]
  solver-name = "gps-cdcl"
  solver-version = 1
